
Microsoft Visual Studio Solution File, Format Version 12.00
# Visual Studio Version 17
VisualStudioVersion = 17.7.34221.43
MinimumVisualStudioVersion = 10.0.40219.1
Project("{FAE04EC0-301F-11D3-BF4B-00C04F79EFBC}") = "ProyectoJuego", "ProyectoJuego\ProyectoJuego.csproj", "{DA4A8126-DFE8-4E1F-87B5-0960814BA393}"
EndProject
Global
	GlobalSection(SolutionConfigurationPlatforms) = preSolution
		Debug|Any CPU = Debug|Any CPU
		Release|Any CPU = Release|Any CPU
	EndGlobalSection
	GlobalSection(ProjectConfigurationPlatforms) = postSolution
		{DA4A8126-DFE8-4E1F-87B5-0960814BA393}.Debug|Any CPU.ActiveCfg = Debug|Any CPU
		{DA4A8126-DFE8-4E1F-87B5-0960814BA393}.Debug|Any CPU.Build.0 = Debug|Any CPU
		{DA4A8126-DFE8-4E1F-87B5-0960814BA393}.Release|Any CPU.ActiveCfg = Release|Any CPU
		{DA4A8126-DFE8-4E1F-87B5-0960814BA393}.Release|Any CPU.Build.0 = Release|Any CPU
	EndGlobalSection
	GlobalSection(SolutionProperties) = preSolution
		HideSolutionNode = FALSE
	EndGlobalSection
	GlobalSection(ExtensibilityGlobals) = postSolution
		SolutionGuid = {2D17D2FE-ABFA-4A8B-890F-3B8CA5CB7CC3}
	EndGlobalSection
EndGlobal
